
Microsoft Visual Studio Solution File, Format Version 12.00
# Visual Studio Version 16
VisualStudioVersion = 16.0.30804.86
MinimumVisualStudioVersion = 10.0.40219.1
Project("{FAE04EC0-301F-11D3-BF4B-00C04F79EFBC}") = "EnglishExamPreparation", "EnglishExamPreparation\EnglishExamPreparation.csproj", "{7FF2A075-76AF-4EDD-A7AC-07D0B3A82E6C}"
EndProject
Project("{FAE04EC0-301F-11D3-BF4B-00C04F79EFBC}") = "Entities", "Entities\Entities.csproj", "{59DAB1AB-A586-4299-9248-F16A00E0A372}"
EndProject
Global
	GlobalSection(SolutionConfigurationPlatforms) = preSolution
		Debug|Any CPU = Debug|Any CPU
		Release|Any CPU = Release|Any CPU
	EndGlobalSection
	GlobalSection(ProjectConfigurationPlatforms) = postSolution
		{7FF2A075-76AF-4EDD-A7AC-07D0B3A82E6C}.Debug|Any CPU.ActiveCfg = Debug|Any CPU
		{7FF2A075-76AF-4EDD-A7AC-07D0B3A82E6C}.Debug|Any CPU.Build.0 = Debug|Any CPU
		{7FF2A075-76AF-4EDD-A7AC-07D0B3A82E6C}.Release|Any CPU.ActiveCfg = Release|Any CPU
		{7FF2A075-76AF-4EDD-A7AC-07D0B3A82E6C}.Release|Any CPU.Build.0 = Release|Any CPU
		{59DAB1AB-A586-4299-9248-F16A00E0A372}.Debug|Any CPU.ActiveCfg = Debug|Any CPU
		{59DAB1AB-A586-4299-9248-F16A00E0A372}.Debug|Any CPU.Build.0 = Debug|Any CPU
		{59DAB1AB-A586-4299-9248-F16A00E0A372}.Release|Any CPU.ActiveCfg = Release|Any CPU
		{59DAB1AB-A586-4299-9248-F16A00E0A372}.Release|Any CPU.Build.0 = Release|Any CPU
	EndGlobalSection
	GlobalSection(SolutionProperties) = preSolution
		HideSolutionNode = FALSE
	EndGlobalSection
	GlobalSection(ExtensibilityGlobals) = postSolution
		SolutionGuid = {4AF9C731-8456-49BF-BE80-BE084CD0D699}
	EndGlobalSection
EndGlobal
